
Microsoft Visual Studio Solution File, Format Version 12.00
# Visual Studio Version 17
VisualStudioVersion = 17.9.34607.119
MinimumVisualStudioVersion = 10.0.40219.1
Project("{FAE04EC0-301F-11D3-BF4B-00C04F79EFBC}") = "Operai", "Operai\Operai.csproj", "{35CE1ED5-D6D1-4A4C-BF9C-3A7B979BCBEC}"
EndProject
Global
	GlobalSection(SolutionConfigurationPlatforms) = preSolution
		Debug|Any CPU = Debug|Any CPU
		Release|Any CPU = Release|Any CPU
	EndGlobalSection
	GlobalSection(ProjectConfigurationPlatforms) = postSolution
		{35CE1ED5-D6D1-4A4C-BF9C-3A7B979BCBEC}.Debug|Any CPU.ActiveCfg = Debug|Any CPU
		{35CE1ED5-D6D1-4A4C-BF9C-3A7B979BCBEC}.Debug|Any CPU.Build.0 = Debug|Any CPU
		{35CE1ED5-D6D1-4A4C-BF9C-3A7B979BCBEC}.Release|Any CPU.ActiveCfg = Release|Any CPU
		{35CE1ED5-D6D1-4A4C-BF9C-3A7B979BCBEC}.Release|Any CPU.Build.0 = Release|Any CPU
	EndGlobalSection
	GlobalSection(SolutionProperties) = preSolution
		HideSolutionNode = FALSE
	EndGlobalSection
	GlobalSection(ExtensibilityGlobals) = postSolution
		SolutionGuid = {B08BE704-7D22-469C-AFF6-B391110B036D}
	EndGlobalSection
EndGlobal
